
Microsoft Visual Studio Solution File, Format Version 12.00
# Visual Studio Version 17
VisualStudioVersion = 17.7.34024.191
MinimumVisualStudioVersion = 10.0.40219.1
Project("{FAE04EC0-301F-11D3-BF4B-00C04F79EFBC}") = "MROAR_lab1_KNN", "MROAR_lab1_KNN\MROAR_lab1_KNN.csproj", "{984329E5-07E5-4FBA-B083-CB57B05D942B}"
EndProject
Global
	GlobalSection(SolutionConfigurationPlatforms) = preSolution
		Debug|Any CPU = Debug|Any CPU
		Release|Any CPU = Release|Any CPU
	EndGlobalSection
	GlobalSection(ProjectConfigurationPlatforms) = postSolution
		{984329E5-07E5-4FBA-B083-CB57B05D942B}.Debug|Any CPU.ActiveCfg = Debug|Any CPU
		{984329E5-07E5-4FBA-B083-CB57B05D942B}.Debug|Any CPU.Build.0 = Debug|Any CPU
		{984329E5-07E5-4FBA-B083-CB57B05D942B}.Release|Any CPU.ActiveCfg = Release|Any CPU
		{984329E5-07E5-4FBA-B083-CB57B05D942B}.Release|Any CPU.Build.0 = Release|Any CPU
	EndGlobalSection
	GlobalSection(SolutionProperties) = preSolution
		HideSolutionNode = FALSE
	EndGlobalSection
	GlobalSection(ExtensibilityGlobals) = postSolution
		SolutionGuid = {4B971CD8-B829-4094-8C10-A7200F0C96AB}
	EndGlobalSection
EndGlobal
